
Microsoft Visual Studio Solution File, Format Version 12.00
# Visual Studio 15
VisualStudioVersion = 15.0.28307.329
MinimumVisualStudioVersion = 10.0.40219.1
Project("{FAE04EC0-301F-11D3-BF4B-00C04F79EFBC}") = "EdgeLook1", "EdgeLook1.csproj", "{96BDC425-68A5-42DB-B695-DD307760AF45}"
EndProject
Global
	GlobalSection(SolutionConfigurationPlatforms) = preSolution
		Debug|Any CPU = Debug|Any CPU
		Release|Any CPU = Release|Any CPU
	EndGlobalSection
	GlobalSection(ProjectConfigurationPlatforms) = postSolution
		{96BDC425-68A5-42DB-B695-DD307760AF45}.Debug|Any CPU.ActiveCfg = Debug|Any CPU
		{96BDC425-68A5-42DB-B695-DD307760AF45}.Debug|Any CPU.Build.0 = Debug|Any CPU
		{96BDC425-68A5-42DB-B695-DD307760AF45}.Release|Any CPU.ActiveCfg = Release|Any CPU
		{96BDC425-68A5-42DB-B695-DD307760AF45}.Release|Any CPU.Build.0 = Release|Any CPU
	EndGlobalSection
	GlobalSection(SolutionProperties) = preSolution
		HideSolutionNode = FALSE
	EndGlobalSection
	GlobalSection(ExtensibilityGlobals) = postSolution
		SolutionGuid = {D4E0DDF4-CF9A-4A43-86A7-FAD3255B5F19}
	EndGlobalSection
EndGlobal
